
Microsoft Visual Studio Solution File, Format Version 12.00
# Visual Studio Version 17
VisualStudioVersion = 17.6.33815.320
MinimumVisualStudioVersion = 10.0.40219.1
Project("{FAE04EC0-301F-11D3-BF4B-00C04F79EFBC}") = "DotNET AddIns Part 2", "DotNET AddIns Part 2\DotNET AddIns Part 2.csproj", "{6DA1BB4F-0354-46BC-ADBE-099E0F37934D}"
EndProject
Global
	GlobalSection(SolutionConfigurationPlatforms) = preSolution
		Debug|Any CPU = Debug|Any CPU
		Release|Any CPU = Release|Any CPU
	EndGlobalSection
	GlobalSection(ProjectConfigurationPlatforms) = postSolution
		{6DA1BB4F-0354-46BC-ADBE-099E0F37934D}.Debug|Any CPU.ActiveCfg = Debug|Any CPU
		{6DA1BB4F-0354-46BC-ADBE-099E0F37934D}.Debug|Any CPU.Build.0 = Debug|Any CPU
		{6DA1BB4F-0354-46BC-ADBE-099E0F37934D}.Release|Any CPU.ActiveCfg = Release|Any CPU
		{6DA1BB4F-0354-46BC-ADBE-099E0F37934D}.Release|Any CPU.Build.0 = Release|Any CPU
	EndGlobalSection
	GlobalSection(SolutionProperties) = preSolution
		HideSolutionNode = FALSE
	EndGlobalSection
	GlobalSection(ExtensibilityGlobals) = postSolution
		SolutionGuid = {ED171B88-AA90-42C6-A81D-1272E45E8A21}
	EndGlobalSection
EndGlobal
